// !$*UTF8*$!
{
	archiveVersion = 1;
	classes = {
	};
	objectVersion = 48;
	objects = {

/* Begin PBXBuildFile section */
		932BF533418DCBCD6D12224F /* libPods-RunloopDeepUseage.a in Frameworks */ = {isa = PBXBuildFile; fileRef = B1CD2DF9EE447AF9E0E40E02 /* libPods-RunloopDeepUseage.a */; };
		FC664A061F9DDCCA000A0E6E /* GCDTest.m in Sources */ = {isa = PBXBuildFile; fileRef = FC664A051F9DDCCA000A0E6E /* GCDTest.m */; };
		FC8861431FA4795600718A51 /* SymbolicTest.m in Sources */ = {isa = PBXBuildFile; fileRef = FC8861421FA4795600718A51 /* SymbolicTest.m */; };
		FC8CDE401F87D62F006DE1E8 /* NSThreadOperationPriorityDiscuss.m in Sources */ = {isa = PBXBuildFile; fileRef = FC8CDE3F1F87D62F006DE1E8 /* NSThreadOperationPriorityDiscuss.m */; };
		FC8CDE451F87D718006DE1E8 /* SecondViewController.m in Sources */ = {isa = PBXBuildFile; fileRef = FC8CDE431F87D718006DE1E8 /* SecondViewController.m */; };
		FC8CDE461F87D718006DE1E8 /* SecondViewController.xib in Resources */ = {isa = PBXBuildFile; fileRef = FC8CDE441F87D718006DE1E8 /* SecondViewController.xib */; };
		FC912CEF1F85365300756002 /* AppDelegate.m in Sources */ = {isa = PBXBuildFile; fileRef = FC912CEE1F85365300756002 /* AppDelegate.m */; };
		FC912CF21F85365300756002 /* ViewController.m in Sources */ = {isa = PBXBuildFile; fileRef = FC912CF11F85365300756002 /* ViewController.m */; };
		FC912CF51F85365300756002 /* Main.storyboard in Resources */ = {isa = PBXBuildFile; fileRef = FC912CF31F85365300756002 /* Main.storyboard */; };
		FC912CF71F85365300756002 /* Assets.xcassets in Resources */ = {isa = PBXBuildFile; fileRef = FC912CF61F85365300756002 /* Assets.xcassets */; };
		FC912CFA1F85365300756002 /* LaunchScreen.storyboard in Resources */ = {isa = PBXBuildFile; fileRef = FC912CF81F85365300756002 /* LaunchScreen.storyboard */; };
		FC912CFD1F85365300756002 /* main.m in Sources */ = {isa = PBXBuildFile; fileRef = FC912CFC1F85365300756002 /* main.m */; };
		FC912D071F85365300756002 /* RunloopDeepUseageTests.m in Sources */ = {isa = PBXBuildFile; fileRef = FC912D061F85365300756002 /* RunloopDeepUseageTests.m */; };
		FC912D121F85365300756002 /* RunloopDeepUseageUITests.m in Sources */ = {isa = PBXBuildFile; fileRef = FC912D111F85365300756002 /* RunloopDeepUseageUITests.m */; };
		FC912D231F8539DB00756002 /* STableViewCell.m in Sources */ = {isa = PBXBuildFile; fileRef = FC912D211F8539DB00756002 /* STableViewCell.m */; };
		FC912D241F8539DB00756002 /* STableViewCell.xib in Resources */ = {isa = PBXBuildFile; fileRef = FC912D221F8539DB00756002 /* STableViewCell.xib */; };
		FCC2213D1F90560B0085462D /* RunLoopSource.m in Sources */ = {isa = PBXBuildFile; fileRef = FCC2213C1F90560B0085462D /* RunLoopSource.m */; };
		FCC221411F905BB90085462D /* RunLoopContext.m in Sources */ = {isa = PBXBuildFile; fileRef = FCC221401F905BB90085462D /* RunLoopContext.m */; };
		FCF8B9AE1FA6BAD3003EA032 /* DispatchDepth.m in Sources */ = {isa = PBXBuildFile; fileRef = FCF8B9AD1FA6BAD3003EA032 /* DispatchDepth.m */; };
/* End PBXBuildFile section */

/* Begin PBXContainerItemProxy section */
		FC912D031F85365300756002 /* PBXContainerItemProxy */ = {
			isa = PBXContainerItemProxy;
			containerPortal = FC912CE21F85365300756002 /* Project object */;
			proxyType = 1;
			remoteGlobalIDString = FC912CE91F85365300756002;
			remoteInfo = RunloopDeepUseage;
		};
		FC912D0E1F85365300756002 /* PBXContainerItemProxy */ = {
			isa = PBXContainerItemProxy;
			containerPortal = FC912CE21F85365300756002 /* Project object */;
			proxyType = 1;
			remoteGlobalIDString = FC912CE91F85365300756002;
			remoteInfo = RunloopDeepUseage;
		};
/* End PBXContainerItemProxy section */

/* Begin PBXFileReference section */
		2C5A28FE5C40067A41D1F244 /* Pods-RunloopDeepUseage.debug.xcconfig */ = {isa = PBXFileReference; includeInIndex = 1; lastKnownFileType = text.xcconfig; name = "Pods-RunloopDeepUseage.debug.xcconfig"; path = "Pods/Target Support Files/Pods-RunloopDeepUseage/Pods-RunloopDeepUseage.debug.xcconfig"; sourceTree = "<group>"; };
		80948FEADC122E89797C12B3 /* Pods-RunloopDeepUseage.release.xcconfig */ = {isa = PBXFileReference; includeInIndex = 1; lastKnownFileType = text.xcconfig; name = "Pods-RunloopDeepUseage.release.xcconfig"; path = "Pods/Target Support Files/Pods-RunloopDeepUseage/Pods-RunloopDeepUseage.release.xcconfig"; sourceTree = "<group>"; };
		B1CD2DF9EE447AF9E0E40E02 /* libPods-RunloopDeepUseage.a */ = {isa = PBXFileReference; explicitFileType = archive.ar; includeInIndex = 0; path = "libPods-RunloopDeepUseage.a"; sourceTree = BUILT_PRODUCTS_DIR; };
		FC664A041F9DDCCA000A0E6E /* GCDTest.h */ = {isa = PBXFileReference; lastKnownFileType = sourcecode.c.h; path = GCDTest.h; sourceTree = "<group>"; };
		FC664A051F9DDCCA000A0E6E /* GCDTest.m */ = {isa = PBXFileReference; lastKnownFileType = sourcecode.c.objc; path = GCDTest.m; sourceTree = "<group>"; };
		FC8861411FA4795600718A51 /* SymbolicTest.h */ = {isa = PBXFileReference; lastKnownFileType = sourcecode.c.h; path = SymbolicTest.h; sourceTree = "<group>"; };
		FC8861421FA4795600718A51 /* SymbolicTest.m */ = {isa = PBXFileReference; lastKnownFileType = sourcecode.c.objc; path = SymbolicTest.m; sourceTree = "<group>"; };
		FC8CDE3E1F87D62F006DE1E8 /* NSThreadOperationPriorityDiscuss.h */ = {isa = PBXFileReference; lastKnownFileType = sourcecode.c.h; path = NSThreadOperationPriorityDiscuss.h; sourceTree = "<group>"; };
		FC8CDE3F1F87D62F006DE1E8 /* NSThreadOperationPriorityDiscuss.m */ = {isa = PBXFileReference; lastKnownFileType = sourcecode.c.objc; path = NSThreadOperationPriorityDiscuss.m; sourceTree = "<group>"; };
		FC8CDE421F87D718006DE1E8 /* SecondViewController.h */ = {isa = PBXFileReference; lastKnownFileType = sourcecode.c.h; path = SecondViewController.h; sourceTree = "<group>"; };
		FC8CDE431F87D718006DE1E8 /* SecondViewController.m */ = {isa = PBXFileReference; lastKnownFileType = sourcecode.c.objc; path = SecondViewController.m; sourceTree = "<group>"; };
		FC8CDE441F87D718006DE1E8 /* SecondViewController.xib */ = {isa = PBXFileReference; lastKnownFileType = file.xib; path = SecondViewController.xib; sourceTree = "<group>"; };
		FC912CEA1F85365300756002 /* RunloopDeepUseage.app */ = {isa = PBXFileReference; explicitFileType = wrapper.application; includeInIndex = 0; path = RunloopDeepUseage.app; sourceTree = BUILT_PRODUCTS_DIR; };
		FC912CED1F85365300756002 /* AppDelegate.h */ = {isa = PBXFileReference; lastKnownFileType = sourcecode.c.h; path = AppDelegate.h; sourceTree = "<group>"; };
		FC912CEE1F85365300756002 /* AppDelegate.m */ = {isa = PBXFileReference; lastKnownFileType = sourcecode.c.objc; path = AppDelegate.m; sourceTree = "<group>"; };
		FC912CF01F85365300756002 /* ViewController.h */ = {isa = PBXFileReference; lastKnownFileType = sourcecode.c.h; path = ViewController.h; sourceTree = "<group>"; };
		FC912CF11F85365300756002 /* ViewController.m */ = {isa = PBXFileReference; lastKnownFileType = sourcecode.c.objc; path = ViewController.m; sourceTree = "<group>"; };
		FC912CF41F85365300756002 /* Base */ = {isa = PBXFileReference; lastKnownFileType = file.storyboard; name = Base; path = Base.lproj/Main.storyboard; sourceTree = "<group>"; };
		FC912CF61F85365300756002 /* Assets.xcassets */ = {isa = PBXFileReference; lastKnownFileType = folder.assetcatalog; path = Assets.xcassets; sourceTree = "<group>"; };
		FC912CF91F85365300756002 /* Base */ = {isa = PBXFileReference; lastKnownFileType = file.storyboard; name = Base; path = Base.lproj/LaunchScreen.storyboard; sourceTree = "<group>"; };
		FC912CFB1F85365300756002 /* Info.plist */ = {isa = PBXFileReference; lastKnownFileType = text.plist.xml; path = Info.plist; sourceTree = "<group>"; };
		FC912CFC1F85365300756002 /* main.m */ = {isa = PBXFileReference; lastKnownFileType = sourcecode.c.objc; path = main.m; sourceTree = "<group>"; };
		FC912D021F85365300756002 /* RunloopDeepUseageTests.xctest */ = {isa = PBXFileReference; explicitFileType = wrapper.cfbundle; includeInIndex = 0; path = RunloopDeepUseageTests.xctest; sourceTree = BUILT_PRODUCTS_DIR; };
		FC912D061F85365300756002 /* RunloopDeepUseageTests.m */ = {isa = PBXFileReference; lastKnownFileType = sourcecode.c.objc; path = RunloopDeepUseageTests.m; sourceTree = "<group>"; };
		FC912D081F85365300756002 /* Info.plist */ = {isa = PBXFileReference; lastKnownFileType = text.plist.xml; path = Info.plist; sourceTree = "<group>"; };
		FC912D0D1F85365300756002 /* RunloopDeepUseageUITests.xctest */ = {isa = PBXFileReference; explicitFileType = wrapper.cfbundle; includeInIndex = 0; path = RunloopDeepUseageUITests.xctest; sourceTree = BUILT_PRODUCTS_DIR; };
		FC912D111F85365300756002 /* RunloopDeepUseageUITests.m */ = {isa = PBXFileReference; lastKnownFileType = sourcecode.c.objc; path = RunloopDeepUseageUITests.m; sourceTree = "<group>"; };
		FC912D131F85365300756002 /* Info.plist */ = {isa = PBXFileReference; lastKnownFileType = text.plist.xml; path = Info.plist; sourceTree = "<group>"; };
		FC912D201F8539DB00756002 /* STableViewCell.h */ = {isa = PBXFileReference; lastKnownFileType = sourcecode.c.h; path = STableViewCell.h; sourceTree = "<group>"; };
		FC912D211F8539DB00756002 /* STableViewCell.m */ = {isa = PBXFileReference; lastKnownFileType = sourcecode.c.objc; path = STableViewCell.m; sourceTree = "<group>"; };
		FC912D221F8539DB00756002 /* STableViewCell.xib */ = {isa = PBXFileReference; lastKnownFileType = file.xib; path = STableViewCell.xib; sourceTree = "<group>"; };
		FC912D261F853BE400756002 /* const.pch */ = {isa = PBXFileReference; lastKnownFileType = sourcecode.c.h; path = const.pch; sourceTree = "<group>"; };
		FCC2213B1F90560B0085462D /* RunLoopSource.h */ = {isa = PBXFileReference; lastKnownFileType = sourcecode.c.h; path = RunLoopSource.h; sourceTree = "<group>"; };
		FCC2213C1F90560B0085462D /* RunLoopSource.m */ = {isa = PBXFileReference; lastKnownFileType = sourcecode.c.objc; path = RunLoopSource.m; sourceTree = "<group>"; };
		FCC2213F1F905BB90085462D /* RunLoopContext.h */ = {isa = PBXFileReference; lastKnownFileType = sourcecode.c.h; path = RunLoopContext.h; sourceTree = "<group>"; };
		FCC221401F905BB90085462D /* RunLoopContext.m */ = {isa = PBXFileReference; lastKnownFileType = sourcecode.c.objc; path = RunLoopContext.m; sourceTree = "<group>"; };
		FCF8B9AC1FA6BAD3003EA032 /* DispatchDepth.h */ = {isa = PBXFileReference; lastKnownFileType = sourcecode.c.h; path = DispatchDepth.h; sourceTree = "<group>"; };
		FCF8B9AD1FA6BAD3003EA032 /* DispatchDepth.m */ = {isa = PBXFileReference; lastKnownFileType = sourcecode.c.objc; path = DispatchDepth.m; sourceTree = "<group>"; };
/* End PBXFileReference section */

/* Begin PBXFrameworksBuildPhase section */
		FC912CE71F85365300756002 /* Frameworks */ = {
			isa = PBXFrameworksBuildPhase;
			buildActionMask = 2147483647;
			files = (
				932BF533418DCBCD6D12224F /* libPods-RunloopDeepUseage.a in Frameworks */,
			);
			runOnlyForDeploymentPostprocessing = 0;
		};
		FC912CFF1F85365300756002 /* Frameworks */ = {
			isa = PBXFrameworksBuildPhase;
			buildActionMask = 2147483647;
			files = (
			);
			runOnlyForDeploymentPostprocessing = 0;
		};
		FC912D0A1F85365300756002 /* Frameworks */ = {
			isa = PBXFrameworksBuildPhase;
			buildActionMask = 2147483647;
			files = (
			);
			runOnlyForDeploymentPostprocessing = 0;
		};
/* End PBXFrameworksBuildPhase section */

/* Begin PBXGroup section */
		750C344003DE63EB47BE5A4D /* Frameworks */ = {
			isa = PBXGroup;
			children = (
				B1CD2DF9EE447AF9E0E40E02 /* libPods-RunloopDeepUseage.a */,
			);
			name = Frameworks;
			sourceTree = "<group>";
		};
		A76521BA8E23EA84939A598B /* Pods */ = {
			isa = PBXGroup;
			children = (
				2C5A28FE5C40067A41D1F244 /* Pods-RunloopDeepUseage.debug.xcconfig */,
				80948FEADC122E89797C12B3 /* Pods-RunloopDeepUseage.release.xcconfig */,
			);
			name = Pods;
			sourceTree = "<group>";
		};
		FC8CDE411F87D636006DE1E8 /* NSthread */ = {
			isa = PBXGroup;
			children = (
				FC8CDE3E1F87D62F006DE1E8 /* NSThreadOperationPriorityDiscuss.h */,
				FC8CDE3F1F87D62F006DE1E8 /* NSThreadOperationPriorityDiscuss.m */,
			);
			path = NSthread;
			sourceTree = "<group>";
		};
		FC912CE11F85365300756002 = {
			isa = PBXGroup;
			children = (
				FC912CEC1F85365300756002 /* RunloopDeepUseage */,
				FC912D051F85365300756002 /* RunloopDeepUseageTests */,
				FC912D101F85365300756002 /* RunloopDeepUseageUITests */,
				FC912CEB1F85365300756002 /* Products */,
				A76521BA8E23EA84939A598B /* Pods */,
				750C344003DE63EB47BE5A4D /* Frameworks */,
			);
			sourceTree = "<group>";
		};
		FC912CEB1F85365300756002 /* Products */ = {
			isa = PBXGroup;
			children = (
				FC912CEA1F85365300756002 /* RunloopDeepUseage.app */,
				FC912D021F85365300756002 /* RunloopDeepUseageTests.xctest */,
				FC912D0D1F85365300756002 /* RunloopDeepUseageUITests.xctest */,
			);
			name = Products;
			sourceTree = "<group>";
		};
		FC912CEC1F85365300756002 /* RunloopDeepUseage */ = {
			isa = PBXGroup;
			children = (
				FC912CED1F85365300756002 /* AppDelegate.h */,
				FC912CEE1F85365300756002 /* AppDelegate.m */,
				FC912D261F853BE400756002 /* const.pch */,
				FCC2213E1F90560E0085462D /* Tools */,
				FC8CDE411F87D636006DE1E8 /* NSthread */,
				FC912D251F8539E000756002 /* STableViewCell */,
				FC912D1F1F8539B200756002 /* Controller */,
				FC912CF31F85365300756002 /* Main.storyboard */,
				FC912CF61F85365300756002 /* Assets.xcassets */,
				FC912CF81F85365300756002 /* LaunchScreen.storyboard */,
				FC912CFB1F85365300756002 /* Info.plist */,
				FC912CFC1F85365300756002 /* main.m */,
			);
			path = RunloopDeepUseage;
			sourceTree = "<group>";
		};
		FC912D051F85365300756002 /* RunloopDeepUseageTests */ = {
			isa = PBXGroup;
			children = (
				FC912D061F85365300756002 /* RunloopDeepUseageTests.m */,
				FC912D081F85365300756002 /* Info.plist */,
			);
			path = RunloopDeepUseageTests;
			sourceTree = "<group>";
		};
		FC912D101F85365300756002 /* RunloopDeepUseageUITests */ = {
			isa = PBXGroup;
			children = (
				FC912D111F85365300756002 /* RunloopDeepUseageUITests.m */,
				FC912D131F85365300756002 /* Info.plist */,
			);
			path = RunloopDeepUseageUITests;
			sourceTree = "<group>";
		};
		FC912D1F1F8539B200756002 /* Controller */ = {
			isa = PBXGroup;
			children = (
				FC912CF01F85365300756002 /* ViewController.h */,
				FC912CF11F85365300756002 /* ViewController.m */,
				FC8CDE421F87D718006DE1E8 /* SecondViewController.h */,
				FC8CDE431F87D718006DE1E8 /* SecondViewController.m */,
				FC8CDE441F87D718006DE1E8 /* SecondViewController.xib */,
			);
			path = Controller;
			sourceTree = "<group>";
		};
		FC912D251F8539E000756002 /* STableViewCell */ = {
			isa = PBXGroup;
			children = (
				FC912D201F8539DB00756002 /* STableViewCell.h */,
				FC912D211F8539DB00756002 /* STableViewCell.m */,
				FC912D221F8539DB00756002 /* STableViewCell.xib */,
			);
			path = STableViewCell;
			sourceTree = "<group>";
		};
		FCC2213E1F90560E0085462D /* Tools */ = {
			isa = PBXGroup;
			children = (
				FCC2213B1F90560B0085462D /* RunLoopSource.h */,
				FCC2213C1F90560B0085462D /* RunLoopSource.m */,
				FCC2213F1F905BB90085462D /* RunLoopContext.h */,
				FCC221401F905BB90085462D /* RunLoopContext.m */,
				FC664A041F9DDCCA000A0E6E /* GCDTest.h */,
				FC664A051F9DDCCA000A0E6E /* GCDTest.m */,
<<<<<<< HEAD
				FC8861411FA4795600718A51 /* SymbolicTest.h */,
				FC8861421FA4795600718A51 /* SymbolicTest.m */,
=======
				FCF8B9AC1FA6BAD3003EA032 /* DispatchDepth.h */,
				FCF8B9AD1FA6BAD3003EA032 /* DispatchDepth.m */,
>>>>>>> origin/master
			);
			path = Tools;
			sourceTree = "<group>";
		};
/* End PBXGroup section */

/* Begin PBXNativeTarget section */
		FC912CE91F85365300756002 /* RunloopDeepUseage */ = {
			isa = PBXNativeTarget;
			buildConfigurationList = FC912D161F85365300756002 /* Build configuration list for PBXNativeTarget "RunloopDeepUseage" */;
			buildPhases = (
				254EDDEEFFE74889538A431B /* [CP] Check Pods Manifest.lock */,
				FC912CE61F85365300756002 /* Sources */,
				FC912CE71F85365300756002 /* Frameworks */,
				FC912CE81F85365300756002 /* Resources */,
				CFAC968EBAEEBE0205C57DC5 /* [CP] Embed Pods Frameworks */,
				D4C55378BAD0B307E57181F9 /* [CP] Copy Pods Resources */,
			);
			buildRules = (
			);
			dependencies = (
			);
			name = RunloopDeepUseage;
			productName = RunloopDeepUseage;
			productReference = FC912CEA1F85365300756002 /* RunloopDeepUseage.app */;
			productType = "com.apple.product-type.application";
		};
		FC912D011F85365300756002 /* RunloopDeepUseageTests */ = {
			isa = PBXNativeTarget;
			buildConfigurationList = FC912D191F85365300756002 /* Build configuration list for PBXNativeTarget "RunloopDeepUseageTests" */;
			buildPhases = (
				FC912CFE1F85365300756002 /* Sources */,
				FC912CFF1F85365300756002 /* Frameworks */,
				FC912D001F85365300756002 /* Resources */,
			);
			buildRules = (
			);
			dependencies = (
				FC912D041F85365300756002 /* PBXTargetDependency */,
			);
			name = RunloopDeepUseageTests;
			productName = RunloopDeepUseageTests;
			productReference = FC912D021F85365300756002 /* RunloopDeepUseageTests.xctest */;
			productType = "com.apple.product-type.bundle.unit-test";
		};
		FC912D0C1F85365300756002 /* RunloopDeepUseageUITests */ = {
			isa = PBXNativeTarget;
			buildConfigurationList = FC912D1C1F85365300756002 /* Build configuration list for PBXNativeTarget "RunloopDeepUseageUITests" */;
			buildPhases = (
				FC912D091F85365300756002 /* Sources */,
				FC912D0A1F85365300756002 /* Frameworks */,
				FC912D0B1F85365300756002 /* Resources */,
			);
			buildRules = (
			);
			dependencies = (
				FC912D0F1F85365300756002 /* PBXTargetDependency */,
			);
			name = RunloopDeepUseageUITests;
			productName = RunloopDeepUseageUITests;
			productReference = FC912D0D1F85365300756002 /* RunloopDeepUseageUITests.xctest */;
			productType = "com.apple.product-type.bundle.ui-testing";
		};
/* End PBXNativeTarget section */

/* Begin PBXProject section */
		FC912CE21F85365300756002 /* Project object */ = {
			isa = PBXProject;
			attributes = {
				LastUpgradeCheck = 0900;
				ORGANIZATIONNAME = konglee;
				TargetAttributes = {
					FC912CE91F85365300756002 = {
						CreatedOnToolsVersion = 9.0;
						ProvisioningStyle = Automatic;
					};
					FC912D011F85365300756002 = {
						CreatedOnToolsVersion = 9.0;
						ProvisioningStyle = Automatic;
						TestTargetID = FC912CE91F85365300756002;
					};
					FC912D0C1F85365300756002 = {
						CreatedOnToolsVersion = 9.0;
						ProvisioningStyle = Automatic;
						TestTargetID = FC912CE91F85365300756002;
					};
				};
			};
			buildConfigurationList = FC912CE51F85365300756002 /* Build configuration list for PBXProject "RunloopDeepUseage" */;
			compatibilityVersion = "Xcode 8.0";
			developmentRegion = en;
			hasScannedForEncodings = 0;
			knownRegions = (
				en,
				Base,
			);
			mainGroup = FC912CE11F85365300756002;
			productRefGroup = FC912CEB1F85365300756002 /* Products */;
			projectDirPath = "";
			projectRoot = "";
			targets = (
				FC912CE91F85365300756002 /* RunloopDeepUseage */,
				FC912D011F85365300756002 /* RunloopDeepUseageTests */,
				FC912D0C1F85365300756002 /* RunloopDeepUseageUITests */,
			);
		};
/* End PBXProject section */

/* Begin PBXResourcesBuildPhase section */
		FC912CE81F85365300756002 /* Resources */ = {
			isa = PBXResourcesBuildPhase;
			buildActionMask = 2147483647;
			files = (
				FC912CFA1F85365300756002 /* LaunchScreen.storyboard in Resources */,
				FC912D241F8539DB00756002 /* STableViewCell.xib in Resources */,
				FC912CF71F85365300756002 /* Assets.xcassets in Resources */,
				FC912CF51F85365300756002 /* Main.storyboard in Resources */,
				FC8CDE461F87D718006DE1E8 /* SecondViewController.xib in Resources */,
			);
			runOnlyForDeploymentPostprocessing = 0;
		};
		FC912D001F85365300756002 /* Resources */ = {
			isa = PBXResourcesBuildPhase;
			buildActionMask = 2147483647;
			files = (
			);
			runOnlyForDeploymentPostprocessing = 0;
		};
		FC912D0B1F85365300756002 /* Resources */ = {
			isa = PBXResourcesBuildPhase;
			buildActionMask = 2147483647;
			files = (
			);
			runOnlyForDeploymentPostprocessing = 0;
		};
/* End PBXResourcesBuildPhase section */

/* Begin PBXShellScriptBuildPhase section */
		254EDDEEFFE74889538A431B /* [CP] Check Pods Manifest.lock */ = {
			isa = PBXShellScriptBuildPhase;
			buildActionMask = 2147483647;
			files = (
			);
			inputPaths = (
				"${PODS_PODFILE_DIR_PATH}/Podfile.lock",
				"${PODS_ROOT}/Manifest.lock",
			);
			name = "[CP] Check Pods Manifest.lock";
			outputPaths = (
				"$(DERIVED_FILE_DIR)/Pods-RunloopDeepUseage-checkManifestLockResult.txt",
			);
			runOnlyForDeploymentPostprocessing = 0;
			shellPath = /bin/sh;
			shellScript = "diff \"${PODS_PODFILE_DIR_PATH}/Podfile.lock\" \"${PODS_ROOT}/Manifest.lock\" > /dev/null\nif [ $? != 0 ] ; then\n    # print error to STDERR\n    echo \"error: The sandbox is not in sync with the Podfile.lock. Run 'pod install' or update your CocoaPods installation.\" >&2\n    exit 1\nfi\n# This output is used by Xcode 'outputs' to avoid re-running this script phase.\necho \"SUCCESS\" > \"${SCRIPT_OUTPUT_FILE_0}\"\n";
			showEnvVarsInLog = 0;
		};
		CFAC968EBAEEBE0205C57DC5 /* [CP] Embed Pods Frameworks */ = {
			isa = PBXShellScriptBuildPhase;
			buildActionMask = 2147483647;
			files = (
			);
			inputPaths = (
			);
			name = "[CP] Embed Pods Frameworks";
			outputPaths = (
			);
			runOnlyForDeploymentPostprocessing = 0;
			shellPath = /bin/sh;
			shellScript = "\"${SRCROOT}/Pods/Target Support Files/Pods-RunloopDeepUseage/Pods-RunloopDeepUseage-frameworks.sh\"\n";
			showEnvVarsInLog = 0;
		};
		D4C55378BAD0B307E57181F9 /* [CP] Copy Pods Resources */ = {
			isa = PBXShellScriptBuildPhase;
			buildActionMask = 2147483647;
			files = (
			);
			inputPaths = (
			);
			name = "[CP] Copy Pods Resources";
			outputPaths = (
			);
			runOnlyForDeploymentPostprocessing = 0;
			shellPath = /bin/sh;
			shellScript = "\"${SRCROOT}/Pods/Target Support Files/Pods-RunloopDeepUseage/Pods-RunloopDeepUseage-resources.sh\"\n";
			showEnvVarsInLog = 0;
		};
/* End PBXShellScriptBuildPhase section */

/* Begin PBXSourcesBuildPhase section */
		FC912CE61F85365300756002 /* Sources */ = {
			isa = PBXSourcesBuildPhase;
			buildActionMask = 2147483647;
			files = (
				FC8CDE451F87D718006DE1E8 /* SecondViewController.m in Sources */,
				FCF8B9AE1FA6BAD3003EA032 /* DispatchDepth.m in Sources */,
				FC912CF21F85365300756002 /* ViewController.m in Sources */,
				FCC2213D1F90560B0085462D /* RunLoopSource.m in Sources */,
				FC8CDE401F87D62F006DE1E8 /* NSThreadOperationPriorityDiscuss.m in Sources */,
				FC912D231F8539DB00756002 /* STableViewCell.m in Sources */,
				FC8861431FA4795600718A51 /* SymbolicTest.m in Sources */,
				FC912CFD1F85365300756002 /* main.m in Sources */,
				FC664A061F9DDCCA000A0E6E /* GCDTest.m in Sources */,
				FC912CEF1F85365300756002 /* AppDelegate.m in Sources */,
				FCC221411F905BB90085462D /* RunLoopContext.m in Sources */,
			);
			runOnlyForDeploymentPostprocessing = 0;
		};
		FC912CFE1F85365300756002 /* Sources */ = {
			isa = PBXSourcesBuildPhase;
			buildActionMask = 2147483647;
			files = (
				FC912D071F85365300756002 /* RunloopDeepUseageTests.m in Sources */,
			);
			runOnlyForDeploymentPostprocessing = 0;
		};
		FC912D091F85365300756002 /* Sources */ = {
			isa = PBXSourcesBuildPhase;
			buildActionMask = 2147483647;
			files = (
				FC912D121F85365300756002 /* RunloopDeepUseageUITests.m in Sources */,
			);
			runOnlyForDeploymentPostprocessing = 0;
		};
/* End PBXSourcesBuildPhase section */

/* Begin PBXTargetDependency section */
		FC912D041F85365300756002 /* PBXTargetDependency */ = {
			isa = PBXTargetDependency;
			target = FC912CE91F85365300756002 /* RunloopDeepUseage */;
			targetProxy = FC912D031F85365300756002 /* PBXContainerItemProxy */;
		};
		FC912D0F1F85365300756002 /* PBXTargetDependency */ = {
			isa = PBXTargetDependency;
			target = FC912CE91F85365300756002 /* RunloopDeepUseage */;
			targetProxy = FC912D0E1F85365300756002 /* PBXContainerItemProxy */;
		};
/* End PBXTargetDependency section */

/* Begin PBXVariantGroup section */
		FC912CF31F85365300756002 /* Main.storyboard */ = {
			isa = PBXVariantGroup;
			children = (
				FC912CF41F85365300756002 /* Base */,
			);
			name = Main.storyboard;
			sourceTree = "<group>";
		};
		FC912CF81F85365300756002 /* LaunchScreen.storyboard */ = {
			isa = PBXVariantGroup;
			children = (
				FC912CF91F85365300756002 /* Base */,
			);
			name = LaunchScreen.storyboard;
			sourceTree = "<group>";
		};
/* End PBXVariantGroup section */

/* Begin XCBuildConfiguration section */
		FC912D141F85365300756002 /* Debug */ = {
			isa = XCBuildConfiguration;
			buildSettings = {
				ALWAYS_SEARCH_USER_PATHS = NO;
				CLANG_ANALYZER_NONNULL = YES;
				CLANG_ANALYZER_NUMBER_OBJECT_CONVERSION = YES_AGGRESSIVE;
				CLANG_CXX_LANGUAGE_STANDARD = "gnu++14";
				CLANG_CXX_LIBRARY = "libc++";
				CLANG_ENABLE_MODULES = YES;
				CLANG_ENABLE_OBJC_ARC = YES;
				CLANG_WARN_BLOCK_CAPTURE_AUTORELEASING = YES;
				CLANG_WARN_BOOL_CONVERSION = YES;
				CLANG_WARN_COMMA = YES;
				CLANG_WARN_CONSTANT_CONVERSION = YES;
				CLANG_WARN_DIRECT_OBJC_ISA_USAGE = YES_ERROR;
				CLANG_WARN_DOCUMENTATION_COMMENTS = YES;
				CLANG_WARN_EMPTY_BODY = YES;
				CLANG_WARN_ENUM_CONVERSION = YES;
				CLANG_WARN_INFINITE_RECURSION = YES;
				CLANG_WARN_INT_CONVERSION = YES;
				CLANG_WARN_NON_LITERAL_NULL_CONVERSION = YES;
				CLANG_WARN_OBJC_LITERAL_CONVERSION = YES;
				CLANG_WARN_OBJC_ROOT_CLASS = YES_ERROR;
				CLANG_WARN_RANGE_LOOP_ANALYSIS = YES;
				CLANG_WARN_STRICT_PROTOTYPES = YES;
				CLANG_WARN_SUSPICIOUS_MOVE = YES;
				CLANG_WARN_UNGUARDED_AVAILABILITY = YES_AGGRESSIVE;
				CLANG_WARN_UNREACHABLE_CODE = YES;
				CLANG_WARN__DUPLICATE_METHOD_MATCH = YES;
				CODE_SIGN_IDENTITY = "iPhone Developer";
				COPY_PHASE_STRIP = NO;
				DEBUG_INFORMATION_FORMAT = dwarf;
				ENABLE_STRICT_OBJC_MSGSEND = YES;
				ENABLE_TESTABILITY = YES;
				GCC_C_LANGUAGE_STANDARD = gnu11;
				GCC_DYNAMIC_NO_PIC = NO;
				GCC_NO_COMMON_BLOCKS = YES;
				GCC_OPTIMIZATION_LEVEL = 0;
				GCC_PREPROCESSOR_DEFINITIONS = (
					"DEBUG=1",
					"$(inherited)",
				);
				GCC_WARN_64_TO_32_BIT_CONVERSION = YES;
				GCC_WARN_ABOUT_RETURN_TYPE = YES_ERROR;
				GCC_WARN_UNDECLARED_SELECTOR = YES;
				GCC_WARN_UNINITIALIZED_AUTOS = YES_AGGRESSIVE;
				GCC_WARN_UNUSED_FUNCTION = YES;
				GCC_WARN_UNUSED_VARIABLE = YES;
				IPHONEOS_DEPLOYMENT_TARGET = 11.0;
				MTL_ENABLE_DEBUG_INFO = YES;
				ONLY_ACTIVE_ARCH = YES;
				SDKROOT = iphoneos;
			};
			name = Debug;
		};
		FC912D151F85365300756002 /* Release */ = {
			isa = XCBuildConfiguration;
			buildSettings = {
				ALWAYS_SEARCH_USER_PATHS = NO;
				CLANG_ANALYZER_NONNULL = YES;
				CLANG_ANALYZER_NUMBER_OBJECT_CONVERSION = YES_AGGRESSIVE;
				CLANG_CXX_LANGUAGE_STANDARD = "gnu++14";
				CLANG_CXX_LIBRARY = "libc++";
				CLANG_ENABLE_MODULES = YES;
				CLANG_ENABLE_OBJC_ARC = YES;
				CLANG_WARN_BLOCK_CAPTURE_AUTORELEASING = YES;
				CLANG_WARN_BOOL_CONVERSION = YES;
				CLANG_WARN_COMMA = YES;
				CLANG_WARN_CONSTANT_CONVERSION = YES;
				CLANG_WARN_DIRECT_OBJC_ISA_USAGE = YES_ERROR;
				CLANG_WARN_DOCUMENTATION_COMMENTS = YES;
				CLANG_WARN_EMPTY_BODY = YES;
				CLANG_WARN_ENUM_CONVERSION = YES;
				CLANG_WARN_INFINITE_RECURSION = YES;
				CLANG_WARN_INT_CONVERSION = YES;
				CLANG_WARN_NON_LITERAL_NULL_CONVERSION = YES;
				CLANG_WARN_OBJC_LITERAL_CONVERSION = YES;
				CLANG_WARN_OBJC_ROOT_CLASS = YES_ERROR;
				CLANG_WARN_RANGE_LOOP_ANALYSIS = YES;
				CLANG_WARN_STRICT_PROTOTYPES = YES;
				CLANG_WARN_SUSPICIOUS_MOVE = YES;
				CLANG_WARN_UNGUARDED_AVAILABILITY = YES_AGGRESSIVE;
				CLANG_WARN_UNREACHABLE_CODE = YES;
				CLANG_WARN__DUPLICATE_METHOD_MATCH = YES;
				CODE_SIGN_IDENTITY = "iPhone Developer";
				COPY_PHASE_STRIP = NO;
				DEBUG_INFORMATION_FORMAT = "dwarf-with-dsym";
				ENABLE_NS_ASSERTIONS = NO;
				ENABLE_STRICT_OBJC_MSGSEND = YES;
				GCC_C_LANGUAGE_STANDARD = gnu11;
				GCC_NO_COMMON_BLOCKS = YES;
				GCC_WARN_64_TO_32_BIT_CONVERSION = YES;
				GCC_WARN_ABOUT_RETURN_TYPE = YES_ERROR;
				GCC_WARN_UNDECLARED_SELECTOR = YES;
				GCC_WARN_UNINITIALIZED_AUTOS = YES_AGGRESSIVE;
				GCC_WARN_UNUSED_FUNCTION = YES;
				GCC_WARN_UNUSED_VARIABLE = YES;
				IPHONEOS_DEPLOYMENT_TARGET = 11.0;
				MTL_ENABLE_DEBUG_INFO = NO;
				SDKROOT = iphoneos;
				VALIDATE_PRODUCT = YES;
			};
			name = Release;
		};
		FC912D171F85365300756002 /* Debug */ = {
			isa = XCBuildConfiguration;
			baseConfigurationReference = 2C5A28FE5C40067A41D1F244 /* Pods-RunloopDeepUseage.debug.xcconfig */;
			buildSettings = {
				ASSETCATALOG_COMPILER_APPICON_NAME = AppIcon;
				CODE_SIGN_STYLE = Automatic;
				DEVELOPMENT_TEAM = ML9NWM8SSX;
				GCC_PREFIX_HEADER = "$(SRCROOT)/RunloopDeepUseage/const.pch";
				INFOPLIST_FILE = RunloopDeepUseage/Info.plist;
				IPHONEOS_DEPLOYMENT_TARGET = 9.0;
				LD_RUNPATH_SEARCH_PATHS = "$(inherited) @executable_path/Frameworks";
				PRODUCT_BUNDLE_IDENTIFIER = kong.RunloopDeepUseage;
				PRODUCT_NAME = "$(TARGET_NAME)";
				TARGETED_DEVICE_FAMILY = "1,2";
			};
			name = Debug;
		};
		FC912D181F85365300756002 /* Release */ = {
			isa = XCBuildConfiguration;
			baseConfigurationReference = 80948FEADC122E89797C12B3 /* Pods-RunloopDeepUseage.release.xcconfig */;
			buildSettings = {
				ASSETCATALOG_COMPILER_APPICON_NAME = AppIcon;
				CODE_SIGN_STYLE = Automatic;
				DEVELOPMENT_TEAM = ML9NWM8SSX;
				GCC_PREFIX_HEADER = "$(SRCROOT)/RunloopDeepUseage/const.pch";
				INFOPLIST_FILE = RunloopDeepUseage/Info.plist;
				IPHONEOS_DEPLOYMENT_TARGET = 9.0;
				LD_RUNPATH_SEARCH_PATHS = "$(inherited) @executable_path/Frameworks";
				PRODUCT_BUNDLE_IDENTIFIER = kong.RunloopDeepUseage;
				PRODUCT_NAME = "$(TARGET_NAME)";
				TARGETED_DEVICE_FAMILY = "1,2";
			};
			name = Release;
		};
		FC912D1A1F85365300756002 /* Debug */ = {
			isa = XCBuildConfiguration;
			buildSettings = {
				BUNDLE_LOADER = "$(TEST_HOST)";
				CODE_SIGN_STYLE = Automatic;
				DEVELOPMENT_TEAM = ML9NWM8SSX;
				INFOPLIST_FILE = RunloopDeepUseageTests/Info.plist;
				LD_RUNPATH_SEARCH_PATHS = "$(inherited) @executable_path/Frameworks @loader_path/Frameworks";
				PRODUCT_BUNDLE_IDENTIFIER = kong.RunloopDeepUseageTests;
				PRODUCT_NAME = "$(TARGET_NAME)";
				TARGETED_DEVICE_FAMILY = "1,2";
				TEST_HOST = "$(BUILT_PRODUCTS_DIR)/RunloopDeepUseage.app/RunloopDeepUseage";
			};
			name = Debug;
		};
		FC912D1B1F85365300756002 /* Release */ = {
			isa = XCBuildConfiguration;
			buildSettings = {
				BUNDLE_LOADER = "$(TEST_HOST)";
				CODE_SIGN_STYLE = Automatic;
				DEVELOPMENT_TEAM = ML9NWM8SSX;
				INFOPLIST_FILE = RunloopDeepUseageTests/Info.plist;
				LD_RUNPATH_SEARCH_PATHS = "$(inherited) @executable_path/Frameworks @loader_path/Frameworks";
				PRODUCT_BUNDLE_IDENTIFIER = kong.RunloopDeepUseageTests;
				PRODUCT_NAME = "$(TARGET_NAME)";
				TARGETED_DEVICE_FAMILY = "1,2";
				TEST_HOST = "$(BUILT_PRODUCTS_DIR)/RunloopDeepUseage.app/RunloopDeepUseage";
			};
			name = Release;
		};
		FC912D1D1F85365300756002 /* Debug */ = {
			isa = XCBuildConfiguration;
			buildSettings = {
				CODE_SIGN_STYLE = Automatic;
				DEVELOPMENT_TEAM = ML9NWM8SSX;
				INFOPLIST_FILE = RunloopDeepUseageUITests/Info.plist;
				LD_RUNPATH_SEARCH_PATHS = "$(inherited) @executable_path/Frameworks @loader_path/Frameworks";
				PRODUCT_BUNDLE_IDENTIFIER = kong.RunloopDeepUseageUITests;
				PRODUCT_NAME = "$(TARGET_NAME)";
				TARGETED_DEVICE_FAMILY = "1,2";
				TEST_TARGET_NAME = RunloopDeepUseage;
			};
			name = Debug;
		};
		FC912D1E1F85365300756002 /* Release */ = {
			isa = XCBuildConfiguration;
			buildSettings = {
				CODE_SIGN_STYLE = Automatic;
				DEVELOPMENT_TEAM = ML9NWM8SSX;
				INFOPLIST_FILE = RunloopDeepUseageUITests/Info.plist;
				LD_RUNPATH_SEARCH_PATHS = "$(inherited) @executable_path/Frameworks @loader_path/Frameworks";
				PRODUCT_BUNDLE_IDENTIFIER = kong.RunloopDeepUseageUITests;
				PRODUCT_NAME = "$(TARGET_NAME)";
				TARGETED_DEVICE_FAMILY = "1,2";
				TEST_TARGET_NAME = RunloopDeepUseage;
			};
			name = Release;
		};
/* End XCBuildConfiguration section */

/* Begin XCConfigurationList section */
		FC912CE51F85365300756002 /* Build configuration list for PBXProject "RunloopDeepUseage" */ = {
			isa = XCConfigurationList;
			buildConfigurations = (
				FC912D141F85365300756002 /* Debug */,
				FC912D151F85365300756002 /* Release */,
			);
			defaultConfigurationIsVisible = 0;
			defaultConfigurationName = Release;
		};
		FC912D161F85365300756002 /* Build configuration list for PBXNativeTarget "RunloopDeepUseage" */ = {
			isa = XCConfigurationList;
			buildConfigurations = (
				FC912D171F85365300756002 /* Debug */,
				FC912D181F85365300756002 /* Release */,
			);
			defaultConfigurationIsVisible = 0;
			defaultConfigurationName = Release;
		};
		FC912D191F85365300756002 /* Build configuration list for PBXNativeTarget "RunloopDeepUseageTests" */ = {
			isa = XCConfigurationList;
			buildConfigurations = (
				FC912D1A1F85365300756002 /* Debug */,
				FC912D1B1F85365300756002 /* Release */,
			);
			defaultConfigurationIsVisible = 0;
			defaultConfigurationName = Release;
		};
		FC912D1C1F85365300756002 /* Build configuration list for PBXNativeTarget "RunloopDeepUseageUITests" */ = {
			isa = XCConfigurationList;
			buildConfigurations = (
				FC912D1D1F85365300756002 /* Debug */,
				FC912D1E1F85365300756002 /* Release */,
			);
			defaultConfigurationIsVisible = 0;
			defaultConfigurationName = Release;
		};
/* End XCConfigurationList section */
	};
	rootObject = FC912CE21F85365300756002 /* Project object */;
}
